
Microsoft Visual Studio Solution File, Format Version 12.00
# Visual Studio Version 17
VisualStudioVersion = 17.9.34728.123
MinimumVisualStudioVersion = 10.0.40219.1
Project("{FAE04EC0-301F-11D3-BF4B-00C04F79EFBC}") = "MovieWeb-HQ", "MovieWeb-HQ\MovieWeb-HQ.csproj", "{A645CD9C-8603-4325-9BB6-B0F1D26B263C}"
EndProject
Global
	GlobalSection(SolutionConfigurationPlatforms) = preSolution
		Debug|Any CPU = Debug|Any CPU
		Release|Any CPU = Release|Any CPU
	EndGlobalSection
	GlobalSection(ProjectConfigurationPlatforms) = postSolution
		{A645CD9C-8603-4325-9BB6-B0F1D26B263C}.Debug|Any CPU.ActiveCfg = Debug|Any CPU
		{A645CD9C-8603-4325-9BB6-B0F1D26B263C}.Debug|Any CPU.Build.0 = Debug|Any CPU
		{A645CD9C-8603-4325-9BB6-B0F1D26B263C}.Release|Any CPU.ActiveCfg = Release|Any CPU
		{A645CD9C-8603-4325-9BB6-B0F1D26B263C}.Release|Any CPU.Build.0 = Release|Any CPU
	EndGlobalSection
	GlobalSection(SolutionProperties) = preSolution
		HideSolutionNode = FALSE
	EndGlobalSection
	GlobalSection(ExtensibilityGlobals) = postSolution
		SolutionGuid = {194B69DB-C951-4CB4-8399-131A8F67FF66}
	EndGlobalSection
EndGlobal
